PODS:
  - CountryPickerSwift (1.4.4)
  - PhoneNumberKit (1.3.0):
    - PhoneNumberKit/PhoneNumberKitCore (= 1.3.0)
    - PhoneNumberKit/UIKit (= 1.3.0)
  - PhoneNumberKit/PhoneNumberKitCore (1.3.0)
  - PhoneNumberKit/UIKit (1.3.0):
    - PhoneNumberKit/PhoneNumberKitCore

DEPENDENCIES:
  - CountryPickerSwift
  - PhoneNumberKit

SPEC CHECKSUMS:
  CountryPickerSwift: e31e67f2b95eb1fa6ad230e9eb0b49b020526d99
  PhoneNumberKit: 08aaf1968ea41a114327e9223cbb0391d76ae145

PODFILE CHECKSUM: e4229a71768fe08a53c4a657763854882c73b9d4

COCOAPODS: 1.2.1
